
Microsoft Visual Studio Solution File, Format Version 12.00
# Visual Studio Version 17
VisualStudioVersion = 17.14.36414.22 d17.14
MinimumVisualStudioVersion = 10.0.40219.1
Project("{FAE04EC0-301F-11D3-BF4B-00C04F79EFBC}") = "AI-Document-Automation", "AI-Document-Automation.csproj", "{DFA03E08-0F79-45E0-95C3-4B35C36CF314}"
EndProject
Global
	GlobalSection(SolutionConfigurationPlatforms) = preSolution
		Debug|Any CPU = Debug|Any CPU
		Release|Any CPU = Release|Any CPU
	EndGlobalSection
	GlobalSection(ProjectConfigurationPlatforms) = postSolution
		{DFA03E08-0F79-45E0-95C3-4B35C36CF314}.Debug|Any CPU.ActiveCfg = Debug|Any CPU
		{DFA03E08-0F79-45E0-95C3-4B35C36CF314}.Debug|Any CPU.Build.0 = Debug|Any CPU
		{DFA03E08-0F79-45E0-95C3-4B35C36CF314}.Release|Any CPU.ActiveCfg = Release|Any CPU
		{DFA03E08-0F79-45E0-95C3-4B35C36CF314}.Release|Any CPU.Build.0 = Release|Any CPU
	EndGlobalSection
	GlobalSection(SolutionProperties) = preSolution
		HideSolutionNode = FALSE
	EndGlobalSection
	GlobalSection(ExtensibilityGlobals) = postSolution
		SolutionGuid = {A364DEC9-E6C9-4DC5-AB5A-08E66A5A5C57}
	EndGlobalSection
EndGlobal
